{
  "name": "actions-fun",
  "version": "1.0.0",
  "lockfileVersion": 1,
  "requires": true,
  "dependencies": {
    "escape-string-regexp": {
      "version": "1.0.5",
      "resolved": "https://registry.npmjs.org/escape-string-regexp/-/escape-string-regexp-1.0.5.tgz",
      "integrity": "sha1-G2HAViGQqN/2rjuyzwIAyhMLhtQ="
    },
    "match-url-wildcard": {
      "version": "0.0.4",
      "resolved": "https://registry.npmjs.org/match-url-wildcard/-/match-url-wildcard-0.0.4.tgz",
      "integrity": "sha512-R1XhQaamUZPWLOPtp4ig5j+3jctN+skhgRmEQTUamMzmNtRG69QEirQs0NZKLtHMR7tzWpmtnS4Eqv65DcgXUA==",
      "requires": {
        "escape-string-regexp": "^1.0.5"
      }
    }
  }
}
